
Microsoft Visual Studio Solution File, Format Version 12.00
# Visual Studio Version 16
VisualStudioVersion = 16.0.30804.86
MinimumVisualStudioVersion = 10.0.40219.1
Project("{888888A0-9F3D-457C-B088-3A5042F75D52}") = "OpenMeshPython", "OpenMeshPython\OpenMeshPython.pyproj", "{189A1C1D-290D-484E-BFE2-38273ED153BE}"
EndProject
Global
	GlobalSection(SolutionConfigurationPlatforms) = preSolution
		Debug|Any CPU = Debug|Any CPU
		Release|Any CPU = Release|Any CPU
	EndGlobalSection
	GlobalSection(ProjectConfigurationPlatforms) = postSolution
		{189A1C1D-290D-484E-BFE2-38273ED153BE}.Debug|Any CPU.ActiveCfg = Debug|Any CPU
		{189A1C1D-290D-484E-BFE2-38273ED153BE}.Release|Any CPU.ActiveCfg = Release|Any CPU
	EndGlobalSection
	GlobalSection(SolutionProperties) = preSolution
		HideSolutionNode = FALSE
	EndGlobalSection
	GlobalSection(ExtensibilityGlobals) = postSolution
		SolutionGuid = {21EB7779-3B8F-4D80-9F72-FC5113F8E446}
	EndGlobalSection
EndGlobal
